langcode: en
status: true
dependencies:
  config:
    - block_content.type.basic
    - field.storage.paragraph.field_block
    - paragraphs.paragraphs_type.paragraphs_ief_block
  module:
    - entity_reference_revisions
id: paragraph.paragraphs_ief_block.field_block
field_name: field_block
entity_type: paragraph
bundle: paragraphs_ief_block
label: Block
description: ''
required: false
translatable: false
default_value: {  }
default_value_callback: ''
settings:
  handler: 'default:block_content'
  handler_settings:
    target_bundles:
      basic: basic
    sort:
      field: _none
    auto_create: false
    auto_create_bundle: ''
field_type: entity_reference_revisions
